
Microsoft Visual Studio Solution File, Format Version 12.00
# Visual Studio Version 17
VisualStudioVersion = 17.4.33103.184
MinimumVisualStudioVersion = 10.0.40219.1
Project("{FAE04EC0-301F-11D3-BF4B-00C04F79EFBC}") = "tcctest", "tcctest\tcctest.csproj", "{BFF34B8C-748D-4916-A246-9563E74EE5EA}"
EndProject
Global
	GlobalSection(SolutionConfigurationPlatforms) = preSolution
		Debug|Any CPU = Debug|Any CPU
		Release|Any CPU = Release|Any CPU
	EndGlobalSection
	GlobalSection(ProjectConfigurationPlatforms) = postSolution
		{BFF34B8C-748D-4916-A246-9563E74EE5EA}.Debug|Any CPU.ActiveCfg = Debug|Any CPU
		{BFF34B8C-748D-4916-A246-9563E74EE5EA}.Debug|Any CPU.Build.0 = Debug|Any CPU
		{BFF34B8C-748D-4916-A246-9563E74EE5EA}.Release|Any CPU.ActiveCfg = Release|Any CPU
		{BFF34B8C-748D-4916-A246-9563E74EE5EA}.Release|Any CPU.Build.0 = Release|Any CPU
	EndGlobalSection
	GlobalSection(SolutionProperties) = preSolution
		HideSolutionNode = FALSE
	EndGlobalSection
	GlobalSection(ExtensibilityGlobals) = postSolution
		SolutionGuid = {3264685A-F426-458B-AE01-8CFAF65B1C7B}
	EndGlobalSection
EndGlobal
